github.com/hugomods/images v0.8.3 h1:tvccLmr4ydDw2rWtfRJUuXbDMYzoK9eB2HRTfVFi8to=
github.com/hugomods/images v0.8.3/go.mod h1:U6Gwj16LKvk66rOMyGFrnF6f0aV8lT89lqOsckOAjYY=
github.com/imfing/hextra v0.6.3 h1:NYOtxBc1inzzgMHwEZKOn9VgOm0ySDdxudXi8y4pOEE=
github.com/imfing/hextra v0.6.3/go.mod h1:cEfel3lU/bSx7lTE/+uuR4GJaphyOyiwNR3PTqFTXpI=
